// !$*UTF8*$!
{
	archiveVersion = 1;
	classes = {
	};
	objectVersion = 50;
	objects = {

/* Begin PBXBuildFile section */
		BA4F153725C0F65D00A47754 /* FeaturedList.swift in Sources */ = {isa = PBXBuildFile; fileRef = BA4F153625C0F65D00A47754 /* FeaturedList.swift */; };
		BADE5A6C25BA4C6200C8114E /* eCommerce_ExampleApp.swift in Sources */ = {isa = PBXBuildFile; fileRef = BADE5A6B25BA4C6200C8114E /* eCommerce_ExampleApp.swift */; };
		BADE5A6E25BA4C6200C8114E /* ContentView.swift in Sources */ = {isa = PBXBuildFile; fileRef = BADE5A6D25BA4C6200C8114E /* ContentView.swift */; };
		BADE5A7025BA4C6300C8114E /* Assets.xcassets in Resources */ = {isa = PBXBuildFile; fileRef = BADE5A6F25BA4C6300C8114E /* Assets.xcassets */; };
		BADE5A7325BA4C6300C8114E /* Preview Assets.xcassets in Resources */ = {isa = PBXBuildFile; fileRef = BADE5A7225BA4C6300C8114E /* Preview Assets.xcassets */; };
		BADE5A7D25BA7DB500C8114E /* TopBar.swift in Sources */ = {isa = PBXBuildFile; fileRef = BADE5A7C25BA7DB500C8114E /* TopBar.swift */; };
		BADE5A8C25BC812300C8114E /* HomeScreen.swift in Sources */ = {isa = PBXBuildFile; fileRef = BADE5A8B25BC812300C8114E /* HomeScreen.swift */; };
		BADE5A9725BC844C00C8114E /* data.json in Resources */ = {isa = PBXBuildFile; fileRef = BADE5A9625BC844C00C8114E /* data.json */; };
		BADE5A9B25BDFF5700C8114E /* StoreData.swift in Sources */ = {isa = PBXBuildFile; fileRef = BADE5A9A25BDFF5700C8114E /* StoreData.swift */; };
		BADE5AAF25BF318D00C8114E /* StoreItem.swift in Sources */ = {isa = PBXBuildFile; fileRef = BADE5AAE25BF318D00C8114E /* StoreItem.swift */; };
		BAF1A21325C1048500B3FCEF /* StoreItemModal.swift in Sources */ = {isa = PBXBuildFile; fileRef = BAF1A21225C1048500B3FCEF /* StoreItemModal.swift */; };
		BAFF2CA325BF803B0048F06C /* TabSelectionView.swift in Sources */ = {isa = PBXBuildFile; fileRef = BAFF2CA225BF803B0048F06C /* TabSelectionView.swift */; };
		BAFF2CA825BF81E70048F06C /* TabItems.swift in Sources */ = {isa = PBXBuildFile; fileRef = BAFF2CA725BF81E70048F06C /* TabItems.swift */; };
/* End PBXBuildFile section */

/* Begin PBXFileReference section */
		BA4F153625C0F65D00A47754 /* FeaturedList.swift */ = {isa = PBXFileReference; lastKnownFileType = sourcecode.swift; path = FeaturedList.swift; sourceTree = "<group>"; };
		BADE5A6825BA4C6200C8114E /* eCommerce Example.app */ = {isa = PBXFileReference; explicitFileType = wrapper.application; includeInIndex = 0; path = "eCommerce Example.app"; sourceTree = BUILT_PRODUCTS_DIR; };
		BADE5A6B25BA4C6200C8114E /* eCommerce_ExampleApp.swift */ = {isa = PBXFileReference; lastKnownFileType = sourcecode.swift; path = eCommerce_ExampleApp.swift; sourceTree = "<group>"; };
		BADE5A6D25BA4C6200C8114E /* ContentView.swift */ = {isa = PBXFileReference; lastKnownFileType = sourcecode.swift; path = ContentView.swift; sourceTree = "<group>"; };
		BADE5A6F25BA4C6300C8114E /* Assets.xcassets */ = {isa = PBXFileReference; lastKnownFileType = folder.assetcatalog; path = Assets.xcassets; sourceTree = "<group>"; };
		BADE5A7225BA4C6300C8114E /* Preview Assets.xcassets */ = {isa = PBXFileReference; lastKnownFileType = folder.assetcatalog; path = "Preview Assets.xcassets"; sourceTree = "<group>"; };
		BADE5A7425BA4C6300C8114E /* Info.plist */ = {isa = PBXFileReference; lastKnownFileType = text.plist.xml; path = Info.plist; sourceTree = "<group>"; };
		BADE5A7C25BA7DB500C8114E /* TopBar.swift */ = {isa = PBXFileReference; lastKnownFileType = sourcecode.swift; path = TopBar.swift; sourceTree = "<group>"; };
		BADE5A8B25BC812300C8114E /* HomeScreen.swift */ = {isa = PBXFileReference; lastKnownFileType = sourcecode.swift; path = HomeScreen.swift; sourceTree = "<group>"; };
		BADE5A9625BC844C00C8114E /* data.json */ = {isa = PBXFileReference; lastKnownFileType = text.json; path = data.json; sourceTree = "<group>"; };
		BADE5A9A25BDFF5700C8114E /* StoreData.swift */ = {isa = PBXFileReference; lastKnownFileType = sourcecode.swift; path = StoreData.swift; sourceTree = "<group>"; };
		BADE5AAE25BF318D00C8114E /* StoreItem.swift */ = {isa = PBXFileReference; lastKnownFileType = sourcecode.swift; path = StoreItem.swift; sourceTree = "<group>"; };
		BAF1A21225C1048500B3FCEF /* StoreItemModal.swift */ = {isa = PBXFileReference; lastKnownFileType = sourcecode.swift; path = StoreItemModal.swift; sourceTree = "<group>"; };
		BAFF2CA225BF803B0048F06C /* TabSelectionView.swift */ = {isa = PBXFileReference; lastKnownFileType = sourcecode.swift; path = TabSelectionView.swift; sourceTree = "<group>"; };
		BAFF2CA725BF81E70048F06C /* TabItems.swift */ = {isa = PBXFileReference; lastKnownFileType = sourcecode.swift; path = TabItems.swift; sourceTree = "<group>"; };
/* End PBXFileReference section */

/* Begin PBXFrameworksBuildPhase section */
		BADE5A6525BA4C6200C8114E /* Frameworks */ = {
			isa = PBXFrameworksBuildPhase;
			buildActionMask = 2147483647;
			files = (
			);
			runOnlyForDeploymentPostprocessing = 0;
		};
/* End PBXFrameworksBuildPhase section */

/* Begin PBXGroup section */
		BADE5A5F25BA4C6200C8114E = {
			isa = PBXGroup;
			children = (
				BADE5A6A25BA4C6200C8114E /* eCommerce Example */,
				BADE5A6925BA4C6200C8114E /* Products */,
			);
			sourceTree = "<group>";
		};
		BADE5A6925BA4C6200C8114E /* Products */ = {
			isa = PBXGroup;
			children = (
				BADE5A6825BA4C6200C8114E /* eCommerce Example.app */,
			);
			name = Products;
			sourceTree = "<group>";
		};
		BADE5A6A25BA4C6200C8114E /* eCommerce Example */ = {
			isa = PBXGroup;
			children = (
				BADE5A9925BDFF3600C8114E /* Model */,
				BADE5A8925BC80B100C8114E /* Screens */,
				BADE5A7B25BA7D3D00C8114E /* Components */,
				BADE5A6B25BA4C6200C8114E /* eCommerce_ExampleApp.swift */,
				BADE5A6D25BA4C6200C8114E /* ContentView.swift */,
				BADE5A6F25BA4C6300C8114E /* Assets.xcassets */,
				BADE5A7425BA4C6300C8114E /* Info.plist */,
				BADE5A7125BA4C6300C8114E /* Preview Content */,
				BADE5A9625BC844C00C8114E /* data.json */,
			);
			path = "eCommerce Example";
			sourceTree = "<group>";
		};
		BADE5A7125BA4C6300C8114E /* Preview Content */ = {
			isa = PBXGroup;
			children = (
				BADE5A7225BA4C6300C8114E /* Preview Assets.xcassets */,
			);
			path = "Preview Content";
			sourceTree = "<group>";
		};
		BADE5A7B25BA7D3D00C8114E /* Components */ = {
			isa = PBXGroup;
			children = (
				BADE5AB325BF7F4400C8114E /* TabSelectionView */,
				BADE5A7C25BA7DB500C8114E /* TopBar.swift */,
				BADE5AAE25BF318D00C8114E /* StoreItem.swift */,
				BA4F153625C0F65D00A47754 /* FeaturedList.swift */,
				BAF1A21225C1048500B3FCEF /* StoreItemModal.swift */,
			);
			path = Components;
			sourceTree = "<group>";
		};
		BADE5A8925BC80B100C8114E /* Screens */ = {
			isa = PBXGroup;
			children = (
				BADE5A8B25BC812300C8114E /* HomeScreen.swift */,
			);
			path = Screens;
			sourceTree = "<group>";
		};
		BADE5A9925BDFF3600C8114E /* Model */ = {
			isa = PBXGroup;
			children = (
				BADE5A9A25BDFF5700C8114E /* StoreData.swift */,
			);
			path = Model;
			sourceTree = "<group>";
		};
		BADE5AB325BF7F4400C8114E /* TabSelectionView */ = {
			isa = PBXGroup;
			children = (
				BAFF2CA225BF803B0048F06C /* TabSelectionView.swift */,
				BAFF2CA725BF81E70048F06C /* TabItems.swift */,
			);
			path = TabSelectionView;
			sourceTree = "<group>";
		};
/* End PBXGroup section */

/* Begin PBXNativeTarget section */
		BADE5A6725BA4C6200C8114E /* eCommerce Example */ = {
			isa = PBXNativeTarget;
			buildConfigurationList = BADE5A7725BA4C6300C8114E /* Build configuration list for PBXNativeTarget "eCommerce Example" */;
			buildPhases = (
				BADE5A6425BA4C6200C8114E /* Sources */,
				BADE5A6525BA4C6200C8114E /* Frameworks */,
				BADE5A6625BA4C6200C8114E /* Resources */,
			);
			buildRules = (
			);
			dependencies = (
			);
			name = "eCommerce Example";
			productName = "eCommerce Example";
			productReference = BADE5A6825BA4C6200C8114E /* eCommerce Example.app */;
			productType = "com.apple.product-type.application";
		};
/* End PBXNativeTarget section */

/* Begin PBXProject section */
		BADE5A6025BA4C6200C8114E /* Project object */ = {
			isa = PBXProject;
			attributes = {
				LastSwiftUpdateCheck = 1230;
				LastUpgradeCheck = 1230;
				TargetAttributes = {
					BADE5A6725BA4C6200C8114E = {
						CreatedOnToolsVersion = 12.3;
					};
				};
			};
			buildConfigurationList = BADE5A6325BA4C6200C8114E /* Build configuration list for PBXProject "eCommerce Example" */;
			compatibilityVersion = "Xcode 9.3";
			developmentRegion = en;
			hasScannedForEncodings = 0;
			knownRegions = (
				en,
				Base,
			);
			mainGroup = BADE5A5F25BA4C6200C8114E;
			productRefGroup = BADE5A6925BA4C6200C8114E /* Products */;
			projectDirPath = "";
			projectRoot = "";
			targets = (
				BADE5A6725BA4C6200C8114E /* eCommerce Example */,
			);
		};
/* End PBXProject section */

/* Begin PBXResourcesBuildPhase section */
		BADE5A6625BA4C6200C8114E /* Resources */ = {
			isa = PBXResourcesBuildPhase;
			buildActionMask = 2147483647;
			files = (
				BADE5A7325BA4C6300C8114E /* Preview Assets.xcassets in Resources */,
				BADE5A9725BC844C00C8114E /* data.json in Resources */,
				BADE5A7025BA4C6300C8114E /* Assets.xcassets in Resources */,
			);
			runOnlyForDeploymentPostprocessing = 0;
		};
/* End PBXResourcesBuildPhase section */

/* Begin PBXSourcesBuildPhase section */
		BADE5A6425BA4C6200C8114E /* Sources */ = {
			isa = PBXSourcesBuildPhase;
			buildActionMask = 2147483647;
			files = (
				BADE5A6E25BA4C6200C8114E /* ContentView.swift in Sources */,
				BAFF2CA325BF803B0048F06C /* TabSelectionView.swift in Sources */,
				BAF1A21325C1048500B3FCEF /* StoreItemModal.swift in Sources */,
				BAFF2CA825BF81E70048F06C /* TabItems.swift in Sources */,
				BADE5A9B25BDFF5700C8114E /* StoreData.swift in Sources */,
				BADE5AAF25BF318D00C8114E /* StoreItem.swift in Sources */,
				BADE5A8C25BC812300C8114E /* HomeScreen.swift in Sources */,
				BA4F153725C0F65D00A47754 /* FeaturedList.swift in Sources */,
				BADE5A7D25BA7DB500C8114E /* TopBar.swift in Sources */,
				BADE5A6C25BA4C6200C8114E /* eCommerce_ExampleApp.swift in Sources */,
			);
			runOnlyForDeploymentPostprocessing = 0;
		};
/* End PBXSourcesBuildPhase section */

/* Begin XCBuildConfiguration section */
		BADE5A7525BA4C6300C8114E /* Debug */ = {
			isa = XCBuildConfiguration;
			buildSettings = {
				ALWAYS_SEARCH_USER_PATHS = NO;
				CLANG_ANALYZER_NONNULL = YES;
				CLANG_ANALYZER_NUMBER_OBJECT_CONVERSION = YES_AGGRESSIVE;
				CLANG_CXX_LANGUAGE_STANDARD = "gnu++14";
				CLANG_CXX_LIBRARY = "libc++";
				CLANG_ENABLE_MODULES = YES;
				CLANG_ENABLE_OBJC_ARC = YES;
				CLANG_ENABLE_OBJC_WEAK = YES;
				CLANG_WARN_BLOCK_CAPTURE_AUTORELEASING = YES;
				CLANG_WARN_BOOL_CONVERSION = YES;
				CLANG_WARN_COMMA = YES;
				CLANG_WARN_CONSTANT_CONVERSION = YES;
				CLANG_WARN_DEPRECATED_OBJC_IMPLEMENTATIONS = YES;
				CLANG_WARN_DIRECT_OBJC_ISA_USAGE = YES_ERROR;
				CLANG_WARN_DOCUMENTATION_COMMENTS = YES;
				CLANG_WARN_EMPTY_BODY = YES;
				CLANG_WARN_ENUM_CONVERSION = YES;
				CLANG_WARN_INFINITE_RECURSION = YES;
				CLANG_WARN_INT_CONVERSION = YES;
				CLANG_WARN_NON_LITERAL_NULL_CONVERSION = YES;
				CLANG_WARN_OBJC_IMPLICIT_RETAIN_SELF = YES;
				CLANG_WARN_OBJC_LITERAL_CONVERSION = YES;
				CLANG_WARN_OBJC_ROOT_CLASS = YES_ERROR;
				CLANG_WARN_QUOTED_INCLUDE_IN_FRAMEWORK_HEADER = YES;
				CLANG_WARN_RANGE_LOOP_ANALYSIS = YES;
				CLANG_WARN_STRICT_PROTOTYPES = YES;
				CLANG_WARN_SUSPICIOUS_MOVE = YES;
				CLANG_WARN_UNGUARDED_AVAILABILITY = YES_AGGRESSIVE;
				CLANG_WARN_UNREACHABLE_CODE = YES;
				CLANG_WARN__DUPLICATE_METHOD_MATCH = YES;
				COPY_PHASE_STRIP = NO;
				DEBUG_INFORMATION_FORMAT = dwarf;
				ENABLE_STRICT_OBJC_MSGSEND = YES;
				ENABLE_TESTABILITY = YES;
				GCC_C_LANGUAGE_STANDARD = gnu11;
				GCC_DYNAMIC_NO_PIC = NO;
				GCC_NO_COMMON_BLOCKS = YES;
				GCC_OPTIMIZATION_LEVEL = 0;
				GCC_PREPROCESSOR_DEFINITIONS = (
					"DEBUG=1",
					"$(inherited)",
				);
				GCC_WARN_64_TO_32_BIT_CONVERSION = YES;
				GCC_WARN_ABOUT_RETURN_TYPE = YES_ERROR;
				GCC_WARN_UNDECLARED_SELECTOR = YES;
				GCC_WARN_UNINITIALIZED_AUTOS = YES_AGGRESSIVE;
				GCC_WARN_UNUSED_FUNCTION = YES;
				GCC_WARN_UNUSED_VARIABLE = YES;
				IPHONEOS_DEPLOYMENT_TARGET = 14.3;
				MTL_ENABLE_DEBUG_INFO = INCLUDE_SOURCE;
				MTL_FAST_MATH = YES;
				ONLY_ACTIVE_ARCH = YES;
				SDKROOT = iphoneos;
				SWIFT_ACTIVE_COMPILATION_CONDITIONS = DEBUG;
				SWIFT_OPTIMIZATION_LEVEL = "-Onone";
			};
			name = Debug;
		};
		BADE5A7625BA4C6300C8114E /* Release */ = {
			isa = XCBuildConfiguration;
			buildSettings = {
				ALWAYS_SEARCH_USER_PATHS = NO;
				CLANG_ANALYZER_NONNULL = YES;
				CLANG_ANALYZER_NUMBER_OBJECT_CONVERSION = YES_AGGRESSIVE;
				CLANG_CXX_LANGUAGE_STANDARD = "gnu++14";
				CLANG_CXX_LIBRARY = "libc++";
				CLANG_ENABLE_MODULES = YES;
				CLANG_ENABLE_OBJC_ARC = YES;
				CLANG_ENABLE_OBJC_WEAK = YES;
				CLANG_WARN_BLOCK_CAPTURE_AUTORELEASING = YES;
				CLANG_WARN_BOOL_CONVERSION = YES;
				CLANG_WARN_COMMA = YES;
				CLANG_WARN_CONSTANT_CONVERSION = YES;
				CLANG_WARN_DEPRECATED_OBJC_IMPLEMENTATIONS = YES;
				CLANG_WARN_DIRECT_OBJC_ISA_USAGE = YES_ERROR;
				CLANG_WARN_DOCUMENTATION_COMMENTS = YES;
				CLANG_WARN_EMPTY_BODY = YES;
				CLANG_WARN_ENUM_CONVERSION = YES;
				CLANG_WARN_INFINITE_RECURSION = YES;
				CLANG_WARN_INT_CONVERSION = YES;
				CLANG_WARN_NON_LITERAL_NULL_CONVERSION = YES;
				CLANG_WARN_OBJC_IMPLICIT_RETAIN_SELF = YES;
				CLANG_WARN_OBJC_LITERAL_CONVERSION = YES;
				CLANG_WARN_OBJC_ROOT_CLASS = YES_ERROR;
				CLANG_WARN_QUOTED_INCLUDE_IN_FRAMEWORK_HEADER = YES;
				CLANG_WARN_RANGE_LOOP_ANALYSIS = YES;
				CLANG_WARN_STRICT_PROTOTYPES = YES;
				CLANG_WARN_SUSPICIOUS_MOVE = YES;
				CLANG_WARN_UNGUARDED_AVAILABILITY = YES_AGGRESSIVE;
				CLANG_WARN_UNREACHABLE_CODE = YES;
				CLANG_WARN__DUPLICATE_METHOD_MATCH = YES;
				COPY_PHASE_STRIP = NO;
				DEBUG_INFORMATION_FORMAT = "dwarf-with-dsym";
				ENABLE_NS_ASSERTIONS = NO;
				ENABLE_STRICT_OBJC_MSGSEND = YES;
				GCC_C_LANGUAGE_STANDARD = gnu11;
				GCC_NO_COMMON_BLOCKS = YES;
				GCC_WARN_64_TO_32_BIT_CONVERSION = YES;
				GCC_WARN_ABOUT_RETURN_TYPE = YES_ERROR;
				GCC_WARN_UNDECLARED_SELECTOR = YES;
				GCC_WARN_UNINITIALIZED_AUTOS = YES_AGGRESSIVE;
				GCC_WARN_UNUSED_FUNCTION = YES;
				GCC_WARN_UNUSED_VARIABLE = YES;
				IPHONEOS_DEPLOYMENT_TARGET = 14.3;
				MTL_ENABLE_DEBUG_INFO = NO;
				MTL_FAST_MATH = YES;
				SDKROOT = iphoneos;
				SWIFT_COMPILATION_MODE = wholemodule;
				SWIFT_OPTIMIZATION_LEVEL = "-O";
				VALIDATE_PRODUCT = YES;
			};
			name = Release;
		};
		BADE5A7825BA4C6300C8114E /* Debug */ = {
			isa = XCBuildConfiguration;
			buildSettings = {
				ASSETCATALOG_COMPILER_APPICON_NAME = AppIcon;
				ASSETCATALOG_COMPILER_GLOBAL_ACCENT_COLOR_NAME = AccentColor;
				CODE_SIGN_STYLE = Automatic;
				DEVELOPMENT_ASSET_PATHS = "\"eCommerce Example/Preview Content\"";
				DEVELOPMENT_TEAM = M52W2L8ZQV;
				ENABLE_PREVIEWS = YES;
				INFOPLIST_FILE = "eCommerce Example/Info.plist";
				IPHONEOS_DEPLOYMENT_TARGET = 14.0;
				LD_RUNPATH_SEARCH_PATHS = (
					"$(inherited)",
					"@executable_path/Frameworks",
				);
				PRODUCT_BUNDLE_IDENTIFIER = "com.corasan.eCommerce-Example";
				PRODUCT_NAME = "$(TARGET_NAME)";
				SWIFT_VERSION = 5.0;
				TARGETED_DEVICE_FAMILY = "1,2";
			};
			name = Debug;
		};
		BADE5A7925BA4C6300C8114E /* Release */ = {
			isa = XCBuildConfiguration;
			buildSettings = {
				ASSETCATALOG_COMPILER_APPICON_NAME = AppIcon;
				ASSETCATALOG_COMPILER_GLOBAL_ACCENT_COLOR_NAME = AccentColor;
				CODE_SIGN_STYLE = Automatic;
				DEVELOPMENT_ASSET_PATHS = "\"eCommerce Example/Preview Content\"";
				DEVELOPMENT_TEAM = M52W2L8ZQV;
				ENABLE_PREVIEWS = YES;
				INFOPLIST_FILE = "eCommerce Example/Info.plist";
				IPHONEOS_DEPLOYMENT_TARGET = 14.0;
				LD_RUNPATH_SEARCH_PATHS = (
					"$(inherited)",
					"@executable_path/Frameworks",
				);
				PRODUCT_BUNDLE_IDENTIFIER = "com.corasan.eCommerce-Example";
				PRODUCT_NAME = "$(TARGET_NAME)";
				SWIFT_VERSION = 5.0;
				TARGETED_DEVICE_FAMILY = "1,2";
			};
			name = Release;
		};
/* End XCBuildConfiguration section */

/* Begin XCConfigurationList section */
		BADE5A6325BA4C6200C8114E /* Build configuration list for PBXProject "eCommerce Example" */ = {
			isa = XCConfigurationList;
			buildConfigurations = (
				BADE5A7525BA4C6300C8114E /* Debug */,
				BADE5A7625BA4C6300C8114E /* Release */,
			);
			defaultConfigurationIsVisible = 0;
			defaultConfigurationName = Release;
		};
		BADE5A7725BA4C6300C8114E /* Build configuration list for PBXNativeTarget "eCommerce Example" */ = {
			isa = XCConfigurationList;
			buildConfigurations = (
				BADE5A7825BA4C6300C8114E /* Debug */,
				BADE5A7925BA4C6300C8114E /* Release */,
			);
			defaultConfigurationIsVisible = 0;
			defaultConfigurationName = Release;
		};
/* End XCConfigurationList section */
	};
	rootObject = BADE5A6025BA4C6200C8114E /* Project object */;
}
